
Microsoft Visual Studio Solution File, Format Version 12.00
# Visual Studio Version 17
VisualStudioVersion = 17.4.33110.190
MinimumVisualStudioVersion = 10.0.40219.1
Project("{9A19103F-16F7-4668-BE54-9A1E7A4F7556}") = "MoviesGQL", "MoviesGQL\MoviesGQL.csproj", "{8B147824-708F-4DCD-B013-94A73B6D6F15}"
EndProject
Global
	GlobalSection(SolutionConfigurationPlatforms) = preSolution
		Debug|Any CPU = Debug|Any CPU
		Release|Any CPU = Release|Any CPU
	EndGlobalSection
	GlobalSection(ProjectConfigurationPlatforms) = postSolution
		{8B147824-708F-4DCD-B013-94A73B6D6F15}.Debug|Any CPU.ActiveCfg = Debug|Any CPU
		{8B147824-708F-4DCD-B013-94A73B6D6F15}.Debug|Any CPU.Build.0 = Debug|Any CPU
		{8B147824-708F-4DCD-B013-94A73B6D6F15}.Release|Any CPU.ActiveCfg = Release|Any CPU
		{8B147824-708F-4DCD-B013-94A73B6D6F15}.Release|Any CPU.Build.0 = Release|Any CPU
	EndGlobalSection
	GlobalSection(SolutionProperties) = preSolution
		HideSolutionNode = FALSE
	EndGlobalSection
	GlobalSection(ExtensibilityGlobals) = postSolution
		SolutionGuid = {5E2E27C6-43DA-4622-B72A-F1C1EC86D8C4}
	EndGlobalSection
EndGlobal
